{
  "originHash" : "0a2d797f6963205ccaed17133bf209753235a119d3185e8ca5330f5bdede3762",
  "pins" : [
    {
      "identity" : "capacitor-swift-pm",
      "kind" : "remoteSourceControl",
      "location" : "https://github.com/ionic-team/capacitor-swift-pm.git",
      "state" : {
        "revision" : "596259033e94829dffc552a40e7129262122995e",
        "version" : "8.0.0"
      }
    },
    {
      "identity" : "osbarcodelib-ios",
      "kind" : "remoteSourceControl",
      "location" : "https://github.com/OutSystems/OSBarcodeLib-iOS.git",
      "state" : {
        "revision" : "1ae7a716331be720f9f1075ef033276014c341ec",
        "version" : "2.1.1"
      }
    }
  ],
  "version" : 3
}
